
Microsoft Visual Studio Solution File, Format Version 12.00
# Visual Studio 2013
VisualStudioVersion = 12.0.21005.1
MinimumVisualStudioVersion = 10.0.40219.1
Project("{FAE04EC0-301F-11D3-BF4B-00C04F79EFBC}") = "MalMonitor", "MalMonitor\MalMonitor.csproj", "{9431C8CF-9F61-46C2-9144-19C3B9B1A893}"
EndProject
Project("{FAE04EC0-301F-11D3-BF4B-00C04F79EFBC}") = "MalMonInject", "MalMonInject\MalMonInject.csproj", "{63CFEE7B-8B0D-462C-8701-D53D9A4AA2F0}"
EndProject
Project("{888888A0-9F3D-457C-B088-3A5042F75D52}") = "CodeGenerator", "CodeGenerator\CodeGenerator.pyproj", "{9684750A-33FE-46CA-8A94-5DEBC6F223C7}"
EndProject
Project("{FAE04EC0-301F-11D3-BF4B-00C04F79EFBC}") = "Test", "Test\Test.csproj", "{B477B3C7-3981-4EB3-B531-117755E9ED6A}"
EndProject
Global
	GlobalSection(SolutionConfigurationPlatforms) = preSolution
		Debug|Any CPU = Debug|Any CPU
		Release|Any CPU = Release|Any CPU
	EndGlobalSection
	GlobalSection(ProjectConfigurationPlatforms) = postSolution
		{9431C8CF-9F61-46C2-9144-19C3B9B1A893}.Debug|Any CPU.ActiveCfg = Debug|Any CPU
		{9431C8CF-9F61-46C2-9144-19C3B9B1A893}.Debug|Any CPU.Build.0 = Debug|Any CPU
		{9431C8CF-9F61-46C2-9144-19C3B9B1A893}.Release|Any CPU.ActiveCfg = Release|Any CPU
		{9431C8CF-9F61-46C2-9144-19C3B9B1A893}.Release|Any CPU.Build.0 = Release|Any CPU
		{63CFEE7B-8B0D-462C-8701-D53D9A4AA2F0}.Debug|Any CPU.ActiveCfg = Debug|Any CPU
		{63CFEE7B-8B0D-462C-8701-D53D9A4AA2F0}.Debug|Any CPU.Build.0 = Debug|Any CPU
		{63CFEE7B-8B0D-462C-8701-D53D9A4AA2F0}.Release|Any CPU.ActiveCfg = Release|Any CPU
		{63CFEE7B-8B0D-462C-8701-D53D9A4AA2F0}.Release|Any CPU.Build.0 = Release|Any CPU
		{9684750A-33FE-46CA-8A94-5DEBC6F223C7}.Debug|Any CPU.ActiveCfg = Debug|Any CPU
		{9684750A-33FE-46CA-8A94-5DEBC6F223C7}.Release|Any CPU.ActiveCfg = Release|Any CPU
		{B477B3C7-3981-4EB3-B531-117755E9ED6A}.Debug|Any CPU.ActiveCfg = Debug|Any CPU
		{B477B3C7-3981-4EB3-B531-117755E9ED6A}.Debug|Any CPU.Build.0 = Debug|Any CPU
		{B477B3C7-3981-4EB3-B531-117755E9ED6A}.Release|Any CPU.ActiveCfg = Release|Any CPU
		{B477B3C7-3981-4EB3-B531-117755E9ED6A}.Release|Any CPU.Build.0 = Release|Any CPU
	EndGlobalSection
	GlobalSection(SolutionProperties) = preSolution
		HideSolutionNode = FALSE
	EndGlobalSection
EndGlobal
